dependencies:
- name: service-account
  repository: https://ibm-garage-cloud.github.io/toolkit-charts/
  version: 0.5.0
- name: service-account
  repository: https://ibm-garage-cloud.github.io/toolkit-charts/
  version: 0.5.0
- name: sonarqube
  repository: https://oteemo.github.io/charts
  version: 6.6.0
- name: ocp-route
  repository: https://ibm-garage-cloud.github.io/toolkit-charts/
  version: 0.3.0
- name: tool-config
  repository: https://ibm-garage-cloud.github.io/toolkit-charts/
  version: 0.9.0
- name: setup-job
  repository: https://ibm-garage-cloud.github.io/toolkit-charts/
  version: 0.1.7
digest: sha256:46292e695609d61996869f2eaa0b33f02aaa9cf830b16ecbe090df04193f8f51
generated: "2020-08-20T07:53:39.523465-05:00"
